lockfileVersion: '9.0'

settings:
  autoInstallPeers: true
  excludeLinksFromLockfile: false

importers:

  .:
    dependencies:
      '@aws-sdk/client-ses':
        specifier: ^3.1129.0
        version: 3.1129.0

packages:

  '@aws-sdk/client-ses@3.1129.0':
    resolution: {integrity: sha512-krmQaXmcu5KLgwVaPKh+UvRbNl5B4Tlmiy7pmdAJYLWu+sEE0Z5X4pbHXFVMCpQ4fHjFy4zQEdpi1nZ4pEFk5Q==}
    engines: {node: '>=20.0.0'}

  '@aws-sdk/core@3.978.0':
    resolution: {integrity: sha512-2yX9LUmxPklVjSGTb8dfnWRJSiFQ3TeH2nn7G1mdKHTfnabzF0+gfrS8rYfLWmZrQ8A3mEcxMJjRc51dL5KWaA==}
    engines: {node: '>=20.0.0'}

  '@aws-sdk/credential-provider-env@3.972.71':
    resolution: {integrity: sha512-JN+JHruYZw3GUZB8YGAlDk4wTDPOEAEEdEzj5nS0xodWR4smzHsN7PnK2j6IeOsDIj2aqua5DSbhXl9Gtf90FQ==}
    engines: {node: '>=20.0.0'}

  '@aws-sdk/credential-provider-http@3.972.73':
    resolution: {integrity: sha512-uyYYnJOnlis8uQzaYGPd7N1JoioCoNpXgnkXYixsWJXHXgXyYi8WXJSDfofxJeWfQIGWLe2Nwyq60Uc7MZdVOg==}
    engines: {node: '>=20.0.0'}

  '@aws-sdk/credential-provider-ini@3.973.16':
    resolution: {integrity: sha512-i++ly+0Uxa+u3ebSSyr0S/3CFhFJDxCXT3+Zj+mW2bXenEx5bKGCdTIKFu39SgXBNhWDjex/8cXUx9MUTMCrTw==}
    engines: {node: '>=20.0.0'}

  '@aws-sdk/credential-provider-login@3.972.78':
    resolution: {integrity: sha512-eUtswnXu0+Ii9ieRK+0L7aPFV3Z/dnW2VntJzjBP9xs8s+8p5nBNuymIXtXwZ+5r5+XJP3e32nMkuZ/r0HozEA==}
    engines: {node: '>=20.0.0'}

  '@aws-sdk/credential-provider-node@3.972.83':
    resolution: {integrity: sha512-jdso7ejzfRnatxMUZK4S/U6KbaDPCvfIV4XL+IQAPFDBt5rj5Fq595euqlK8Le4lNCMFR9oUpt+1l0aMgaayOQ==}
    engines: {node: '>=20.0.0'}

  '@aws-sdk/credential-provider-process@3.972.71':
    resolution: {integrity: sha512-lYmXJa4gvq4xN1lrT5NiP5vIYYKcGWAdj8y+8o6dlcateB5eF3Dn8DtmjjHKfMBrTPAMr2pebIiX/UOj8c1/UA==}
    engines: {node: '>=20.0.0'}

  '@aws-sdk/credential-provider-sso@3.973.15':
    resolution: {integrity: sha512-6Jhcf4v0pSFdjk1EW2kvzuEBKD+UZ2uNcHUIglKKLndD20YhvkL2kdmDOV5/j4mYuWWwe/a1FQ1aomU86/Cg5Q==}
    engines: {node: '>=20.0.0'}

  '@aws-sdk/credential-provider-web-identity@3.972.77':
    resolution: {integrity: sha512-uylIQSUWpfLuH2LovxEEfwzJGM/SabLOfLMg6YXu/E8jJEKUdpdILCVCQCdFvHyu/7dLJOHPMfrSwduxO56NkQ==}
    engines: {node: '>=20.0.0'}

  '@aws-sdk/nested-clients@3.997.45':
    resolution: {integrity: sha512-mooq9Q+jLa18VoM7HouczmslZU60iiB0aKc/Ztnq/luIL1ud0z4DnYprLR/ZO1gp331S9tJctM1HZr7u6YKBXQ==}
    engines: {node: '>=20.0.0'}

  '@aws-sdk/signature-v4-multi-region@3.996.46':
    resolution: {integrity: sha512-L+2xZTye/2T96f3lwCws0Zw6GG2JHZW9e8FpVgGBeeExSKyeoZ6CWRpBml/7DNiK/O26jrgPM9F+Ay8VkgzUWQ==}
    engines: {node: '>=20.0.0'}

  '@aws-sdk/token-providers@3.1129.0':
    resolution: {integrity: sha512-Sbl3rpzQdsG4ZK2zh0JWUYyZPKKorJlVOddA2T0DVbKJFrsW8J6wgnslxxUH04+WaBMr4A1HzJZvZX0xUvkniA==}
    engines: {node: '>=20.0.0'}

  '@aws-sdk/types@3.974.5':
    resolution: {integrity: sha512-LkwLL2BLbC6wNNm4JaH9mbEqBMdOZCct6VAYqhdN4U1xrWM+fUJQEfbHwQgDypapOWTRtlk25akb5afM0P8CIQ==}
    engines: {node: '>=20.0.0'}

  '@aws-sdk/xml-builder@3.972.40':
    resolution: {integrity: sha512-wlFmCIGUlwF4zx/kncw+bmxTQh1HeSJq4mYV/V5cZUSJadDP3kXvGW8Rn21cimj/7y9ju+47oYWXi97vF7czaA==}
    engines: {node: '>=20.0.0'}

  '@aws/lambda-invoke-store@0.3.0':
    resolution: {integrity: sha512-sl4Bm6yiMNYrZKkqqDFWN0UfnWhlS8ivKxrYl+6t0gCLrqr8y3B2IqZZbFRkfaVVp7C/baApyh71P+LeE1A2sQ==}
    engines: {node: '>=18.0.0'}

  '@smithy/core@3.34.1':
    resolution: {integrity: sha512-dLcOUxz8YCv1RZUMKq6GbyUf95pLbrqh34bPvpCZ1+CByFF31BEAFewZjsGCnVsZTKdThNENfGyAgk2TJqVwSw==}
    engines: {node: '>=18.0.0'}

  '@smithy/credential-provider-imds@4.5.2':
    resolution: {integrity: sha512-A9uSdn72ozbRUSit0eib0TW7nXuNPlaeM0zcGkJ+nE6tFcSDbnmtwoxbTCFBukVQcszDAyvsd7+rTduPTXpygg==}
    engines: {node: '>=18.0.0'}

  '@smithy/fetch-http-handler@5.8.0':
    resolution: {integrity: sha512-ycSJu3tFAQ4v04CBB0agqFMVsSQ1iG3yw+SpgxRqKfaURpQD4CZ8Wn0zPMmSnOuTpTh65Vz+EA0rMrw089wvkA==}
    engines: {node: '>=18.0.0'}

  '@smithy/node-http-handler@4.12.1':
    resolution: {integrity: sha512-ThMkboGeONWXAelq9FvGsuJC4rOi+qyC4/zhUF58xYpxUg5sQKx2VXZYJmtNjr4dSuBJ1HeJXETQILCz3wOHvw==}
    engines: {node: '>=18.0.0'}

  '@smithy/signature-v4@5.7.3':
    resolution: {integrity: sha512-7ImGm+FkHRLcBaRttIAMZ6bzJZWb2cJGoYjq46F2UjycujWzrL9GEN9h4w7eQyXJYnltrUhxbbieBAIRrdqpow==}
    engines: {node: '>=18.0.0'}

  '@smithy/types@4.18.0':
    resolution: {integrity: sha512-CgB6HHWer/vrKps24ulRIbpcpb7K4xAU7SkZ7YHzBPlwHsvsrCJFEXK421s+cJzX+ZrqtA/TuU5w1HzI7k9N8A==}
    engines: {node: '>=18.0.0'}

  bowser@2.14.1:
    resolution: {integrity: sha512-tzPjzCxygAKWFOJP011oxFHs57HzIhOEracIgAePE4pqB3LikALKnSzUyU4MGs9/iCEUuHlAJTjTc5M+u7YEGg==}

  tslib@2.8.1:
    resolution: {integrity: sha512-oJFu94HQb+KVduSUQL7wnpmqnfmLsOA/nAh6b6EH0wCEoK0/mPeXU6c3wKDV83MkOuHPRHtSXKKU99IBazS/2w==}

snapshots:

  '@aws-sdk/client-ses@3.1129.0':
    dependencies:
      '@aws-sdk/core': 3.978.0
      '@aws-sdk/credential-provider-node': 3.972.83
      '@aws-sdk/types': 3.974.5
      '@smithy/core': 3.34.1
      '@smithy/fetch-http-handler': 5.8.0
      '@smithy/node-http-handler': 4.12.1
      '@smithy/types': 4.18.0
      tslib: 2.8.1

  '@aws-sdk/core@3.978.0':
    dependencies:
      '@aws-sdk/types': 3.974.5
      '@aws-sdk/xml-builder': 3.972.40
      '@aws/lambda-invoke-store': 0.3.0
      '@smithy/core': 3.34.1
      '@smithy/signature-v4': 5.7.3
      '@smithy/types': 4.18.0
      bowser: 2.14.1
      tslib: 2.8.1

  '@aws-sdk/credential-provider-env@3.972.71':
    dependencies:
      '@aws-sdk/core': 3.978.0
      '@aws-sdk/types': 3.974.5
      '@smithy/core': 3.34.1
      '@smithy/types': 4.18.0
      tslib: 2.8.1

  '@aws-sdk/credential-provider-http@3.972.73':
    dependencies:
      '@aws-sdk/core': 3.978.0
      '@aws-sdk/types': 3.974.5
      '@smithy/core': 3.34.1
      '@smithy/fetch-http-handler': 5.8.0
      '@smithy/node-http-handler': 4.12.1
      '@smithy/types': 4.18.0
      tslib: 2.8.1

  '@aws-sdk/credential-provider-ini@3.973.16':
    dependencies:
      '@aws-sdk/core': 3.978.0
      '@aws-sdk/credential-provider-env': 3.972.71
      '@aws-sdk/credential-provider-http': 3.972.73
      '@aws-sdk/credential-provider-login': 3.972.78
      '@aws-sdk/credential-provider-process': 3.972.71
      '@aws-sdk/credential-provider-sso': 3.973.15
      '@aws-sdk/credential-provider-web-identity': 3.972.77
      '@aws-sdk/nested-clients': 3.997.45
      '@aws-sdk/types': 3.974.5
      '@smithy/core': 3.34.1
      '@smithy/credential-provider-imds': 4.5.2
      '@smithy/types': 4.18.0
      tslib: 2.8.1

  '@aws-sdk/credential-provider-login@3.972.78':
    dependencies:
      '@aws-sdk/core': 3.978.0
      '@aws-sdk/nested-clients': 3.997.45
      '@aws-sdk/types': 3.974.5
      '@smithy/core': 3.34.1
      '@smithy/types': 4.18.0
      tslib: 2.8.1

  '@aws-sdk/credential-provider-node@3.972.83':
    dependencies:
      '@aws-sdk/credential-provider-env': 3.972.71
      '@aws-sdk/credential-provider-http': 3.972.73
      '@aws-sdk/credential-provider-ini': 3.973.16
      '@aws-sdk/credential-provider-process': 3.972.71
      '@aws-sdk/credential-provider-sso': 3.973.15
      '@aws-sdk/credential-provider-web-identity': 3.972.77
      '@aws-sdk/types': 3.974.5
      '@smithy/core': 3.34.1
      '@smithy/credential-provider-imds': 4.5.2
      '@smithy/types': 4.18.0
      tslib: 2.8.1

  '@aws-sdk/credential-provider-process@3.972.71':
    dependencies:
      '@aws-sdk/core': 3.978.0
      '@aws-sdk/types': 3.974.5
      '@smithy/core': 3.34.1
      '@smithy/types': 4.18.0
      tslib: 2.8.1

  '@aws-sdk/credential-provider-sso@3.973.15':
    dependencies:
      '@aws-sdk/core': 3.978.0
      '@aws-sdk/nested-clients': 3.997.45
      '@aws-sdk/token-providers': 3.1129.0
      '@aws-sdk/types': 3.974.5
      '@smithy/core': 3.34.1
      '@smithy/types': 4.18.0
      tslib: 2.8.1

  '@aws-sdk/credential-provider-web-identity@3.972.77':
    dependencies:
      '@aws-sdk/core': 3.978.0
      '@aws-sdk/nested-clients': 3.997.45
      '@aws-sdk/types': 3.974.5
      '@smithy/core': 3.34.1
      '@smithy/types': 4.18.0
      tslib: 2.8.1

  '@aws-sdk/nested-clients@3.997.45':
    dependencies:
      '@aws-sdk/core': 3.978.0
      '@aws-sdk/signature-v4-multi-region': 3.996.46
      '@aws-sdk/types': 3.974.5
      '@smithy/core': 3.34.1
      '@smithy/fetch-http-handler': 5.8.0
      '@smithy/node-http-handler': 4.12.1
      '@smithy/types': 4.18.0
      tslib: 2.8.1

  '@aws-sdk/signature-v4-multi-region@3.996.46':
    dependencies:
      '@aws-sdk/types': 3.974.5
      '@smithy/signature-v4': 5.7.3
      '@smithy/types': 4.18.0
      tslib: 2.8.1

  '@aws-sdk/token-providers@3.1129.0':
    dependencies:
      '@aws-sdk/core': 3.978.0
      '@aws-sdk/nested-clients': 3.997.45
      '@aws-sdk/types': 3.974.5
      '@smithy/core': 3.34.1
      '@smithy/types': 4.18.0
      tslib: 2.8.1

  '@aws-sdk/types@3.974.5':
    dependencies:
      '@smithy/types': 4.18.0
      tslib: 2.8.1

  '@aws-sdk/xml-builder@3.972.40':
    dependencies:
      '@smithy/types': 4.18.0
      tslib: 2.8.1

  '@aws/lambda-invoke-store@0.3.0': {}

  '@smithy/core@3.34.1':
    dependencies:
      '@smithy/types': 4.18.0
      tslib: 2.8.1

  '@smithy/credential-provider-imds@4.5.2':
    dependencies:
      '@smithy/core': 3.34.1
      '@smithy/types': 4.18.0
      tslib: 2.8.1

  '@smithy/fetch-http-handler@5.8.0':
    dependencies:
      '@smithy/core': 3.34.1
      '@smithy/types': 4.18.0
      tslib: 2.8.1

  '@smithy/node-http-handler@4.12.1':
    dependencies:
      '@smithy/core': 3.34.1
      '@smithy/types': 4.18.0
      tslib: 2.8.1

  '@smithy/signature-v4@5.7.3':
    dependencies:
      '@smithy/core': 3.34.1
      '@smithy/types': 4.18.0
      tslib: 2.8.1

  '@smithy/types@4.18.0':
    dependencies:
      tslib: 2.8.1

  bowser@2.14.1: {}

  tslib@2.8.1: {}
